
Microsoft Visual Studio Solution File, Format Version 12.00
# Visual Studio Version 16
VisualStudioVersion = 16.0.31410.357
MinimumVisualStudioVersion = 10.0.40219.1
Project("{FAE04EC0-301F-11D3-BF4B-00C04F79EFBC}") = "RegisterApp", "RegisterApp\RegisterApp.csproj", "{E3B6F027-1FE0-407E-95E3-46DC90DCBA4F}"
EndProject
Global
	GlobalSection(SolutionConfigurationPlatforms) = preSolution
		Debug|Any CPU = Debug|Any CPU
		Release|Any CPU = Release|Any CPU
	EndGlobalSection
	GlobalSection(ProjectConfigurationPlatforms) = postSolution
		{E3B6F027-1FE0-407E-95E3-46DC90DCBA4F}.Debug|Any CPU.ActiveCfg = Debug|Any CPU
		{E3B6F027-1FE0-407E-95E3-46DC90DCBA4F}.Debug|Any CPU.Build.0 = Debug|Any CPU
		{E3B6F027-1FE0-407E-95E3-46DC90DCBA4F}.Release|Any CPU.ActiveCfg = Release|Any CPU
		{E3B6F027-1FE0-407E-95E3-46DC90DCBA4F}.Release|Any CPU.Build.0 = Release|Any CPU
	EndGlobalSection
	GlobalSection(SolutionProperties) = preSolution
		HideSolutionNode = FALSE
	EndGlobalSection
	GlobalSection(ExtensibilityGlobals) = postSolution
		SolutionGuid = {277EAE09-D1DE-4501-8240-86F86D57E2DB}
	EndGlobalSection
EndGlobal
